
Microsoft Visual Studio Solution File, Format Version 12.00
# Visual Studio Version 16
VisualStudioVersion = 16.0.29123.88
MinimumVisualStudioVersion = 10.0.40219.1
Project("{FAE04EC0-301F-11D3-BF4B-00C04F79EFBC}") = "KenshiModifier", "KenshiModifier\KenshiModifier.csproj", "{5E899561-B908-471C-931A-A414BF019FEB}"
EndProject
Global
	GlobalSection(SolutionConfigurationPlatforms) = preSolution
		Debug|Any CPU = Debug|Any CPU
		Release|Any CPU = Release|Any CPU
	EndGlobalSection
	GlobalSection(ProjectConfigurationPlatforms) = postSolution
		{5E899561-B908-471C-931A-A414BF019FEB}.Debug|Any CPU.ActiveCfg = Debug|Any CPU
		{5E899561-B908-471C-931A-A414BF019FEB}.Debug|Any CPU.Build.0 = Debug|Any CPU
		{5E899561-B908-471C-931A-A414BF019FEB}.Release|Any CPU.ActiveCfg = Release|Any CPU
		{5E899561-B908-471C-931A-A414BF019FEB}.Release|Any CPU.Build.0 = Release|Any CPU
	EndGlobalSection
	GlobalSection(SolutionProperties) = preSolution
		HideSolutionNode = FALSE
	EndGlobalSection
	GlobalSection(ExtensibilityGlobals) = postSolution
		SolutionGuid = {DB018565-BAE1-4D6F-AA85-688A61D4DA40}
	EndGlobalSection
EndGlobal
